// !$*UTF8*$!
{
	archiveVersion = 1;
	classes = {
	};
	objectVersion = 51;
	objects = {

/* Begin PBXBuildFile section */
		101E8F3A26750F1E00E301A1 /* AppDelegate.swift in Sources */ = {isa = PBXBuildFile; fileRef = 101E8F3926750F1E00E301A1 /* AppDelegate.swift */; };
		101E8F3C26750F1E00E301A1 /* SceneDelegate.swift in Sources */ = {isa = PBXBuildFile; fileRef = 101E8F3B26750F1E00E301A1 /* SceneDelegate.swift */; };
		101E8F4326750F2500E301A1 /* Assets.xcassets in Resources */ = {isa = PBXBuildFile; fileRef = 101E8F4226750F2500E301A1 /* Assets.xcassets */; };
		101E8F4626750F2500E301A1 /* LaunchScreen.storyboard in Resources */ = {isa = PBXBuildFile; fileRef = 101E8F4426750F2500E301A1 /* LaunchScreen.storyboard */; };
		10A7440F267514510060FA14 /* LoginViewController.swift in Sources */ = {isa = PBXBuildFile; fileRef = 10A7440D267514510060FA14 /* LoginViewController.swift */; };
		10A74410267514510060FA14 /* LoginViewController.xib in Resources */ = {isa = PBXBuildFile; fileRef = 10A7440E267514510060FA14 /* LoginViewController.xib */; };
		10A7441E26752CFB0060FA14 /* LoginView.swift in Sources */ = {isa = PBXBuildFile; fileRef = 10A7441D26752CFB0060FA14 /* LoginView.swift */; };
		10A744242675311A0060FA14 /* Constant.swift in Sources */ = {isa = PBXBuildFile; fileRef = 10A744232675311A0060FA14 /* Constant.swift */; };
		10A744282675312A0060FA14 /* NetworkManager.swift in Sources */ = {isa = PBXBuildFile; fileRef = 10A744272675312A0060FA14 /* NetworkManager.swift */; };
		10A7442B267531370060FA14 /* Router.swift in Sources */ = {isa = PBXBuildFile; fileRef = 10A7442A267531370060FA14 /* Router.swift */; };
		10A74434267547FA0060FA14 /* UserModel.swift in Sources */ = {isa = PBXBuildFile; fileRef = 10A74433267547FA0060FA14 /* UserModel.swift */; };
		10EB9BE626773CF40071F325 /* LoginVIewModel.swift in Sources */ = {isa = PBXBuildFile; fileRef = 10EB9BE526773CF40071F325 /* LoginVIewModel.swift */; };
		6236BD93F2E906833F15D0A4 /* Pods_AuthByMVVM.framework in Frameworks */ = {isa = PBXBuildFile; fileRef = 3BE51A11A5103768B2B581E5 /* Pods_AuthByMVVM.framework */; };
/* End PBXBuildFile section */

/* Begin PBXFileReference section */
		101E8F3626750F1E00E301A1 /* AuthByMVVM.app */ = {isa = PBXFileReference; explicitFileType = wrapper.application; includeInIndex = 0; path = AuthByMVVM.app; sourceTree = BUILT_PRODUCTS_DIR; };
		101E8F3926750F1E00E301A1 /* AppDelegate.swift */ = {isa = PBXFileReference; lastKnownFileType = sourcecode.swift; path = AppDelegate.swift; sourceTree = "<group>"; };
		101E8F3B26750F1E00E301A1 /* SceneDelegate.swift */ = {isa = PBXFileReference; lastKnownFileType = sourcecode.swift; path = SceneDelegate.swift; sourceTree = "<group>"; };
		101E8F4226750F2500E301A1 /* Assets.xcassets */ = {isa = PBXFileReference; lastKnownFileType = folder.assetcatalog; path = Assets.xcassets; sourceTree = "<group>"; };
		101E8F4526750F2500E301A1 /* Base */ = {isa = PBXFileReference; lastKnownFileType = file.storyboard; name = Base; path = Base.lproj/LaunchScreen.storyboard; sourceTree = "<group>"; };
		101E8F4726750F2500E301A1 /* Info.plist */ = {isa = PBXFileReference; lastKnownFileType = text.plist.xml; path = Info.plist; sourceTree = "<group>"; };
		10A7440D267514510060FA14 /* LoginViewController.swift */ = {isa = PBXFileReference; lastKnownFileType = sourcecode.swift; path = LoginViewController.swift; sourceTree = "<group>"; };
		10A7440E267514510060FA14 /* LoginViewController.xib */ = {isa = PBXFileReference; lastKnownFileType = file.xib; path = LoginViewController.xib; sourceTree = "<group>"; };
		10A7441D26752CFB0060FA14 /* LoginView.swift */ = {isa = PBXFileReference; lastKnownFileType = sourcecode.swift; path = LoginView.swift; sourceTree = "<group>"; };
		10A744232675311A0060FA14 /* Constant.swift */ = {isa = PBXFileReference; lastKnownFileType = sourcecode.swift; path = Constant.swift; sourceTree = "<group>"; };
		10A744272675312A0060FA14 /* NetworkManager.swift */ = {isa = PBXFileReference; lastKnownFileType = sourcecode.swift; path = NetworkManager.swift; sourceTree = "<group>"; };
		10A7442A267531370060FA14 /* Router.swift */ = {isa = PBXFileReference; lastKnownFileType = sourcecode.swift; path = Router.swift; sourceTree = "<group>"; };
		10A74433267547FA0060FA14 /* UserModel.swift */ = {isa = PBXFileReference; lastKnownFileType = sourcecode.swift; path = UserModel.swift; sourceTree = "<group>"; };
		10EB9BE526773CF40071F325 /* LoginVIewModel.swift */ = {isa = PBXFileReference; lastKnownFileType = sourcecode.swift; path = LoginVIewModel.swift; sourceTree = "<group>"; };
		3BE51A11A5103768B2B581E5 /* Pods_AuthByMVVM.framework */ = {isa = PBXFileReference; explicitFileType = wrapper.framework; includeInIndex = 0; path = Pods_AuthByMVVM.framework; sourceTree = BUILT_PRODUCTS_DIR; };
		5C6716A7C628E99EDACAE15E /* Pods-AuthByMVVM.debug.xcconfig */ = {isa = PBXFileReference; includeInIndex = 1; lastKnownFileType = text.xcconfig; name = "Pods-AuthByMVVM.debug.xcconfig"; path = "Target Support Files/Pods-AuthByMVVM/Pods-AuthByMVVM.debug.xcconfig"; sourceTree = "<group>"; };
		8F26045518235D157B287722 /* Pods-AuthByMVVM.release.xcconfig */ = {isa = PBXFileReference; includeInIndex = 1; lastKnownFileType = text.xcconfig; name = "Pods-AuthByMVVM.release.xcconfig"; path = "Target Support Files/Pods-AuthByMVVM/Pods-AuthByMVVM.release.xcconfig"; sourceTree = "<group>"; };
/* End PBXFileReference section */

/* Begin PBXFrameworksBuildPhase section */
		101E8F3326750F1E00E301A1 /* Frameworks */ = {
			isa = PBXFrameworksBuildPhase;
			buildActionMask = 2147483647;
			files = (
				6236BD93F2E906833F15D0A4 /* Pods_AuthByMVVM.framework in Frameworks */,
			);
			runOnlyForDeploymentPostprocessing = 0;
		};
/* End PBXFrameworksBuildPhase section */

/* Begin PBXGroup section */
		101E8F2D26750F1E00E301A1 = {
			isa = PBXGroup;
			children = (
				101E8F3826750F1E00E301A1 /* AuthByMVVM */,
				101E8F3726750F1E00E301A1 /* Products */,
				DD140F5D5A69D293806EF556 /* Pods */,
				77698836F0299039085A628B /* Frameworks */,
			);
			sourceTree = "<group>";
		};
		101E8F3726750F1E00E301A1 /* Products */ = {
			isa = PBXGroup;
			children = (
				101E8F3626750F1E00E301A1 /* AuthByMVVM.app */,
			);
			name = Products;
			sourceTree = "<group>";
		};
		101E8F3826750F1E00E301A1 /* AuthByMVVM */ = {
			isa = PBXGroup;
			children = (
				10A74421267530FC0060FA14 /* AppManager */,
				101E8F522675137D00E301A1 /* StoryBoard */,
				101E8F502675133300E301A1 /* Scens */,
				101E8F4F2675132F00E301A1 /* Core */,
				101E8F4E2675132400E301A1 /* Resources */,
			);
			path = AuthByMVVM;
			sourceTree = "<group>";
		};
		101E8F4E2675132400E301A1 /* Resources */ = {
			isa = PBXGroup;
			children = (
				101E8F4226750F2500E301A1 /* Assets.xcassets */,
				101E8F4726750F2500E301A1 /* Info.plist */,
			);
			path = Resources;
			sourceTree = "<group>";
		};
		101E8F4F2675132F00E301A1 /* Core */ = {
			isa = PBXGroup;
			children = (
				101E8F3926750F1E00E301A1 /* AppDelegate.swift */,
				101E8F3B26750F1E00E301A1 /* SceneDelegate.swift */,
			);
			path = Core;
			sourceTree = "<group>";
		};
		101E8F502675133300E301A1 /* Scens */ = {
			isa = PBXGroup;
			children = (
				10A74408267513FA0060FA14 /* Auth */,
			);
			path = Scens;
			sourceTree = "<group>";
		};
		101E8F522675137D00E301A1 /* StoryBoard */ = {
			isa = PBXGroup;
			children = (
				101E8F4426750F2500E301A1 /* LaunchScreen.storyboard */,
			);
			path = StoryBoard;
			sourceTree = "<group>";
		};
		10A74408267513FA0060FA14 /* Auth */ = {
			isa = PBXGroup;
			children = (
				10A74409267514020060FA14 /* Login */,
			);
			path = Auth;
			sourceTree = "<group>";
		};
		10A74409267514020060FA14 /* Login */ = {
			isa = PBXGroup;
			children = (
				10A7440C2675143C0060FA14 /* ViewModel */,
				10A7440B267514320060FA14 /* Model */,
				10A7440A267514220060FA14 /* View */,
			);
			path = Login;
			sourceTree = "<group>";
		};
		10A7440A267514220060FA14 /* View */ = {
			isa = PBXGroup;
			children = (
				10A7440D267514510060FA14 /* LoginViewController.swift */,
				10A7440E267514510060FA14 /* LoginViewController.xib */,
				10A7441D26752CFB0060FA14 /* LoginView.swift */,
			);
			path = View;
			sourceTree = "<group>";
		};
		10A7440B267514320060FA14 /* Model */ = {
			isa = PBXGroup;
			children = (
				10A74433267547FA0060FA14 /* UserModel.swift */,
			);
			path = Model;
			sourceTree = "<group>";
		};
		10A7440C2675143C0060FA14 /* ViewModel */ = {
			isa = PBXGroup;
			children = (
				10EB9BE526773CF40071F325 /* LoginVIewModel.swift */,
			);
			path = ViewModel;
			sourceTree = "<group>";
		};
		10A74421267530FC0060FA14 /* AppManager */ = {
			isa = PBXGroup;
			children = (
				10A74422267531040060FA14 /* NetworkManager */,
			);
			path = AppManager;
			sourceTree = "<group>";
		};
		10A74422267531040060FA14 /* NetworkManager */ = {
			isa = PBXGroup;
			children = (
				10A744232675311A0060FA14 /* Constant.swift */,
				10A744272675312A0060FA14 /* NetworkManager.swift */,
				10A7442A267531370060FA14 /* Router.swift */,
			);
			path = NetworkManager;
			sourceTree = "<group>";
		};
		77698836F0299039085A628B /* Frameworks */ = {
			isa = PBXGroup;
			children = (
				3BE51A11A5103768B2B581E5 /* Pods_AuthByMVVM.framework */,
			);
			name = Frameworks;
			sourceTree = "<group>";
		};
		DD140F5D5A69D293806EF556 /* Pods */ = {
			isa = PBXGroup;
			children = (
				5C6716A7C628E99EDACAE15E /* Pods-AuthByMVVM.debug.xcconfig */,
				8F26045518235D157B287722 /* Pods-AuthByMVVM.release.xcconfig */,
			);
			path = Pods;
			sourceTree = "<group>";
		};
/* End PBXGroup section */

/* Begin PBXNativeTarget section */
		101E8F3526750F1E00E301A1 /* AuthByMVVM */ = {
			isa = PBXNativeTarget;
			buildConfigurationList = 101E8F4A26750F2500E301A1 /* Build configuration list for PBXNativeTarget "AuthByMVVM" */;
			buildPhases = (
				00AA0C815DACC79EB79FA741 /* [CP] Check Pods Manifest.lock */,
				101E8F3226750F1E00E301A1 /* Sources */,
				101E8F3326750F1E00E301A1 /* Frameworks */,
				101E8F3426750F1E00E301A1 /* Resources */,
				356B90C3B3BAE4965832BEF7 /* [CP] Embed Pods Frameworks */,
			);
			buildRules = (
			);
			dependencies = (
			);
			name = AuthByMVVM;
			productName = AuthByMVVM;
			productReference = 101E8F3626750F1E00E301A1 /* AuthByMVVM.app */;
			productType = "com.apple.product-type.application";
		};
/* End PBXNativeTarget section */

/* Begin PBXProject section */
		101E8F2E26750F1E00E301A1 /* Project object */ = {
			isa = PBXProject;
			attributes = {
				LastSwiftUpdateCheck = 1240;
				LastUpgradeCheck = 1240;
				TargetAttributes = {
					101E8F3526750F1E00E301A1 = {
						CreatedOnToolsVersion = 12.4;
					};
				};
			};
			buildConfigurationList = 101E8F3126750F1E00E301A1 /* Build configuration list for PBXProject "AuthByMVVM" */;
			compatibilityVersion = "Xcode 9.3";
			developmentRegion = en;
			hasScannedForEncodings = 0;
			knownRegions = (
				en,
				Base,
			);
			mainGroup = 101E8F2D26750F1E00E301A1;
			productRefGroup = 101E8F3726750F1E00E301A1 /* Products */;
			projectDirPath = "";
			projectRoot = "";
			targets = (
				101E8F3526750F1E00E301A1 /* AuthByMVVM */,
			);
		};
/* End PBXProject section */

/* Begin PBXResourcesBuildPhase section */
		101E8F3426750F1E00E301A1 /* Resources */ = {
			isa = PBXResourcesBuildPhase;
			buildActionMask = 2147483647;
			files = (
				101E8F4626750F2500E301A1 /* LaunchScreen.storyboard in Resources */,
				101E8F4326750F2500E301A1 /* Assets.xcassets in Resources */,
				10A74410267514510060FA14 /* LoginViewController.xib in Resources */,
			);
			runOnlyForDeploymentPostprocessing = 0;
		};
/* End PBXResourcesBuildPhase section */

/* Begin PBXShellScriptBuildPhase section */
		00AA0C815DACC79EB79FA741 /* [CP] Check Pods Manifest.lock */ = {
			isa = PBXShellScriptBuildPhase;
			buildActionMask = 2147483647;
			files = (
			);
			inputFileListPaths = (
			);
			inputPaths = (
				"${PODS_PODFILE_DIR_PATH}/Podfile.lock",
				"${PODS_ROOT}/Manifest.lock",
			);
			name = "[CP] Check Pods Manifest.lock";
			outputFileListPaths = (
			);
			outputPaths = (
				"$(DERIVED_FILE_DIR)/Pods-AuthByMVVM-checkManifestLockResult.txt",
			);
			runOnlyForDeploymentPostprocessing = 0;
			shellPath = /bin/sh;
			shellScript = "diff \"${PODS_PODFILE_DIR_PATH}/Podfile.lock\" \"${PODS_ROOT}/Manifest.lock\" > /dev/null\nif [ $? != 0 ] ; then\n    # print error to STDERR\n    echo \"error: The sandbox is not in sync with the Podfile.lock. Run 'pod install' or update your CocoaPods installation.\" >&2\n    exit 1\nfi\n# This output is used by Xcode 'outputs' to avoid re-running this script phase.\necho \"SUCCESS\" > \"${SCRIPT_OUTPUT_FILE_0}\"\n";
			showEnvVarsInLog = 0;
		};
		356B90C3B3BAE4965832BEF7 /* [CP] Embed Pods Frameworks */ = {
			isa = PBXShellScriptBuildPhase;
			buildActionMask = 2147483647;
			files = (
			);
			inputFileListPaths = (
				"${PODS_ROOT}/Target Support Files/Pods-AuthByMVVM/Pods-AuthByMVVM-frameworks-${CONFIGURATION}-input-files.xcfilelist",
			);
			name = "[CP] Embed Pods Frameworks";
			outputFileListPaths = (
				"${PODS_ROOT}/Target Support Files/Pods-AuthByMVVM/Pods-AuthByMVVM-frameworks-${CONFIGURATION}-output-files.xcfilelist",
			);
			runOnlyForDeploymentPostprocessing = 0;
			shellPath = /bin/sh;
			shellScript = "\"${PODS_ROOT}/Target Support Files/Pods-AuthByMVVM/Pods-AuthByMVVM-frameworks.sh\"\n";
			showEnvVarsInLog = 0;
		};
/* End PBXShellScriptBuildPhase section */

/* Begin PBXSourcesBuildPhase section */
		101E8F3226750F1E00E301A1 /* Sources */ = {
			isa = PBXSourcesBuildPhase;
			buildActionMask = 2147483647;
			files = (
				10A744282675312A0060FA14 /* NetworkManager.swift in Sources */,
				10A7440F267514510060FA14 /* LoginViewController.swift in Sources */,
				10A74434267547FA0060FA14 /* UserModel.swift in Sources */,
				101E8F3A26750F1E00E301A1 /* AppDelegate.swift in Sources */,
				10A7442B267531370060FA14 /* Router.swift in Sources */,
				10A744242675311A0060FA14 /* Constant.swift in Sources */,
				10A7441E26752CFB0060FA14 /* LoginView.swift in Sources */,
				10EB9BE626773CF40071F325 /* LoginVIewModel.swift in Sources */,
				101E8F3C26750F1E00E301A1 /* SceneDelegate.swift in Sources */,
			);
			runOnlyForDeploymentPostprocessing = 0;
		};
/* End PBXSourcesBuildPhase section */

/* Begin PBXVariantGroup section */
		101E8F4426750F2500E301A1 /* LaunchScreen.storyboard */ = {
			isa = PBXVariantGroup;
			children = (
				101E8F4526750F2500E301A1 /* Base */,
			);
			name = LaunchScreen.storyboard;
			sourceTree = "<group>";
		};
/* End PBXVariantGroup section */

/* Begin XCBuildConfiguration section */
		101E8F4826750F2500E301A1 /* Debug */ = {
			isa = XCBuildConfiguration;
			buildSettings = {
				ALWAYS_SEARCH_USER_PATHS = NO;
				CLANG_ANALYZER_NONNULL = YES;
				CLANG_ANALYZER_NUMBER_OBJECT_CONVERSION = YES_AGGRESSIVE;
				CLANG_CXX_LANGUAGE_STANDARD = "gnu++14";
				CLANG_CXX_LIBRARY = "libc++";
				CLANG_ENABLE_MODULES = YES;
				CLANG_ENABLE_OBJC_ARC = YES;
				CLANG_ENABLE_OBJC_WEAK = YES;
				CLANG_WARN_BLOCK_CAPTURE_AUTORELEASING = YES;
				CLANG_WARN_BOOL_CONVERSION = YES;
				CLANG_WARN_COMMA = YES;
				CLANG_WARN_CONSTANT_CONVERSION = YES;
				CLANG_WARN_DEPRECATED_OBJC_IMPLEMENTATIONS = YES;
				CLANG_WARN_DIRECT_OBJC_ISA_USAGE = YES_ERROR;
				CLANG_WARN_DOCUMENTATION_COMMENTS = YES;
				CLANG_WARN_EMPTY_BODY = YES;
				CLANG_WARN_ENUM_CONVERSION = YES;
				CLANG_WARN_INFINITE_RECURSION = YES;
				CLANG_WARN_INT_CONVERSION = YES;
				CLANG_WARN_NON_LITERAL_NULL_CONVERSION = YES;
				CLANG_WARN_OBJC_IMPLICIT_RETAIN_SELF = YES;
				CLANG_WARN_OBJC_LITERAL_CONVERSION = YES;
				CLANG_WARN_OBJC_ROOT_CLASS = YES_ERROR;
				CLANG_WARN_QUOTED_INCLUDE_IN_FRAMEWORK_HEADER = YES;
				CLANG_WARN_RANGE_LOOP_ANALYSIS = YES;
				CLANG_WARN_STRICT_PROTOTYPES = YES;
				CLANG_WARN_SUSPICIOUS_MOVE = YES;
				CLANG_WARN_UNGUARDED_AVAILABILITY = YES_AGGRESSIVE;
				CLANG_WARN_UNREACHABLE_CODE = YES;
				CLANG_WARN__DUPLICATE_METHOD_MATCH = YES;
				COPY_PHASE_STRIP = NO;
				DEBUG_INFORMATION_FORMAT = dwarf;
				ENABLE_STRICT_OBJC_MSGSEND = YES;
				ENABLE_TESTABILITY = YES;
				GCC_C_LANGUAGE_STANDARD = gnu11;
				GCC_DYNAMIC_NO_PIC = NO;
				GCC_NO_COMMON_BLOCKS = YES;
				GCC_OPTIMIZATION_LEVEL = 0;
				GCC_PREPROCESSOR_DEFINITIONS = (
					"DEBUG=1",
					"$(inherited)",
				);
				GCC_WARN_64_TO_32_BIT_CONVERSION = YES;
				GCC_WARN_ABOUT_RETURN_TYPE = YES_ERROR;
				GCC_WARN_UNDECLARED_SELECTOR = YES;
				GCC_WARN_UNINITIALIZED_AUTOS = YES_AGGRESSIVE;
				GCC_WARN_UNUSED_FUNCTION = YES;
				GCC_WARN_UNUSED_VARIABLE = YES;
				IPHONEOS_DEPLOYMENT_TARGET = 14.4;
				MTL_ENABLE_DEBUG_INFO = INCLUDE_SOURCE;
				MTL_FAST_MATH = YES;
				ONLY_ACTIVE_ARCH = YES;
				SDKROOT = iphoneos;
				SWIFT_ACTIVE_COMPILATION_CONDITIONS = DEBUG;
				SWIFT_OPTIMIZATION_LEVEL = "-Onone";
			};
			name = Debug;
		};
		101E8F4926750F2500E301A1 /* Release */ = {
			isa = XCBuildConfiguration;
			buildSettings = {
				ALWAYS_SEARCH_USER_PATHS = NO;
				CLANG_ANALYZER_NONNULL = YES;
				CLANG_ANALYZER_NUMBER_OBJECT_CONVERSION = YES_AGGRESSIVE;
				CLANG_CXX_LANGUAGE_STANDARD = "gnu++14";
				CLANG_CXX_LIBRARY = "libc++";
				CLANG_ENABLE_MODULES = YES;
				CLANG_ENABLE_OBJC_ARC = YES;
				CLANG_ENABLE_OBJC_WEAK = YES;
				CLANG_WARN_BLOCK_CAPTURE_AUTORELEASING = YES;
				CLANG_WARN_BOOL_CONVERSION = YES;
				CLANG_WARN_COMMA = YES;
				CLANG_WARN_CONSTANT_CONVERSION = YES;
				CLANG_WARN_DEPRECATED_OBJC_IMPLEMENTATIONS = YES;
				CLANG_WARN_DIRECT_OBJC_ISA_USAGE = YES_ERROR;
				CLANG_WARN_DOCUMENTATION_COMMENTS = YES;
				CLANG_WARN_EMPTY_BODY = YES;
				CLANG_WARN_ENUM_CONVERSION = YES;
				CLANG_WARN_INFINITE_RECURSION = YES;
				CLANG_WARN_INT_CONVERSION = YES;
				CLANG_WARN_NON_LITERAL_NULL_CONVERSION = YES;
				CLANG_WARN_OBJC_IMPLICIT_RETAIN_SELF = YES;
				CLANG_WARN_OBJC_LITERAL_CONVERSION = YES;
				CLANG_WARN_OBJC_ROOT_CLASS = YES_ERROR;
				CLANG_WARN_QUOTED_INCLUDE_IN_FRAMEWORK_HEADER = YES;
				CLANG_WARN_RANGE_LOOP_ANALYSIS = YES;
				CLANG_WARN_STRICT_PROTOTYPES = YES;
				CLANG_WARN_SUSPICIOUS_MOVE = YES;
				CLANG_WARN_UNGUARDED_AVAILABILITY = YES_AGGRESSIVE;
				CLANG_WARN_UNREACHABLE_CODE = YES;
				CLANG_WARN__DUPLICATE_METHOD_MATCH = YES;
				COPY_PHASE_STRIP = NO;
				DEBUG_INFORMATION_FORMAT = "dwarf-with-dsym";
				ENABLE_NS_ASSERTIONS = NO;
				ENABLE_STRICT_OBJC_MSGSEND = YES;
				GCC_C_LANGUAGE_STANDARD = gnu11;
				GCC_NO_COMMON_BLOCKS = YES;
				GCC_WARN_64_TO_32_BIT_CONVERSION = YES;
				GCC_WARN_ABOUT_RETURN_TYPE = YES_ERROR;
				GCC_WARN_UNDECLARED_SELECTOR = YES;
				GCC_WARN_UNINITIALIZED_AUTOS = YES_AGGRESSIVE;
				GCC_WARN_UNUSED_FUNCTION = YES;
				GCC_WARN_UNUSED_VARIABLE = YES;
				IPHONEOS_DEPLOYMENT_TARGET = 14.4;
				MTL_ENABLE_DEBUG_INFO = NO;
				MTL_FAST_MATH = YES;
				SDKROOT = iphoneos;
				SWIFT_COMPILATION_MODE = wholemodule;
				SWIFT_OPTIMIZATION_LEVEL = "-O";
				VALIDATE_PRODUCT = YES;
			};
			name = Release;
		};
		101E8F4B26750F2500E301A1 /* Debug */ = {
			isa = XCBuildConfiguration;
			baseConfigurationReference = 5C6716A7C628E99EDACAE15E /* Pods-AuthByMVVM.debug.xcconfig */;
			buildSettings = {
				ASSETCATALOG_COMPILER_APPICON_NAME = AppIcon;
				ASSETCATALOG_COMPILER_GLOBAL_ACCENT_COLOR_NAME = AccentColor;
				CODE_SIGN_STYLE = Automatic;
				DEVELOPMENT_TEAM = ZUMG9R88LL;
				INFOPLIST_FILE = "$(SRCROOT)/AuthByMVVM/Resources/Info.plist";
				LD_RUNPATH_SEARCH_PATHS = (
					"$(inherited)",
					"@executable_path/Frameworks",
				);
				PRODUCT_BUNDLE_IDENTIFIER = AuthByMVVM;
				PRODUCT_NAME = "$(TARGET_NAME)";
				SWIFT_VERSION = 5.0;
				TARGETED_DEVICE_FAMILY = 1;
			};
			name = Debug;
		};
		101E8F4C26750F2500E301A1 /* Release */ = {
			isa = XCBuildConfiguration;
			baseConfigurationReference = 8F26045518235D157B287722 /* Pods-AuthByMVVM.release.xcconfig */;
			buildSettings = {
				ASSETCATALOG_COMPILER_APPICON_NAME = AppIcon;
				ASSETCATALOG_COMPILER_GLOBAL_ACCENT_COLOR_NAME = AccentColor;
				CODE_SIGN_STYLE = Automatic;
				DEVELOPMENT_TEAM = ZUMG9R88LL;
				INFOPLIST_FILE = "$(SRCROOT)/AuthByMVVM/Resources/Info.plist";
				LD_RUNPATH_SEARCH_PATHS = (
					"$(inherited)",
					"@executable_path/Frameworks",
				);
				PRODUCT_BUNDLE_IDENTIFIER = AuthByMVVM;
				PRODUCT_NAME = "$(TARGET_NAME)";
				SWIFT_VERSION = 5.0;
				TARGETED_DEVICE_FAMILY = 1;
			};
			name = Release;
		};
/* End XCBuildConfiguration section */

/* Begin XCConfigurationList section */
		101E8F3126750F1E00E301A1 /* Build configuration list for PBXProject "AuthByMVVM" */ = {
			isa = XCConfigurationList;
			buildConfigurations = (
				101E8F4826750F2500E301A1 /* Debug */,
				101E8F4926750F2500E301A1 /* Release */,
			);
			defaultConfigurationIsVisible = 0;
			defaultConfigurationName = Release;
		};
		101E8F4A26750F2500E301A1 /* Build configuration list for PBXNativeTarget "AuthByMVVM" */ = {
			isa = XCConfigurationList;
			buildConfigurations = (
				101E8F4B26750F2500E301A1 /* Debug */,
				101E8F4C26750F2500E301A1 /* Release */,
			);
			defaultConfigurationIsVisible = 0;
			defaultConfigurationName = Release;
		};
/* End XCConfigurationList section */
	};
	rootObject = 101E8F2E26750F1E00E301A1 /* Project object */;
}
